
Microsoft Visual Studio Solution File, Format Version 12.00
# Visual Studio Version 16
VisualStudioVersion = 16.0.30523.141
MinimumVisualStudioVersion = 10.0.40219.1
Project("{9A19103F-16F7-4668-BE54-9A1E7A4F7556}") = "WebAPI", "WebAPI.csproj", "{16EADCE2-5D3B-4DFE-8FBF-D386AF0A4F8D}"
EndProject
Project("{FAE04EC0-301F-11D3-BF4B-00C04F79EFBC}") = "WebClient", "..\WebClient\WebClient.csproj", "{EF4D55F7-E2DB-4814-B97C-C113200FB265}"
EndProject
Global
	GlobalSection(SolutionConfigurationPlatforms) = preSolution
		Debug|Any CPU = Debug|Any CPU
		Release|Any CPU = Release|Any CPU
	EndGlobalSection
	GlobalSection(ProjectConfigurationPlatforms) = postSolution
		{16EADCE2-5D3B-4DFE-8FBF-D386AF0A4F8D}.Debug|Any CPU.ActiveCfg = Debug|Any CPU
		{16EADCE2-5D3B-4DFE-8FBF-D386AF0A4F8D}.Debug|Any CPU.Build.0 = Debug|Any CPU
		{16EADCE2-5D3B-4DFE-8FBF-D386AF0A4F8D}.Release|Any CPU.ActiveCfg = Release|Any CPU
		{16EADCE2-5D3B-4DFE-8FBF-D386AF0A4F8D}.Release|Any CPU.Build.0 = Release|Any CPU
		{EF4D55F7-E2DB-4814-B97C-C113200FB265}.Debug|Any CPU.ActiveCfg = Debug|Any CPU
		{EF4D55F7-E2DB-4814-B97C-C113200FB265}.Debug|Any CPU.Build.0 = Debug|Any CPU
		{EF4D55F7-E2DB-4814-B97C-C113200FB265}.Release|Any CPU.ActiveCfg = Release|Any CPU
		{EF4D55F7-E2DB-4814-B97C-C113200FB265}.Release|Any CPU.Build.0 = Release|Any CPU
	EndGlobalSection
	GlobalSection(SolutionProperties) = preSolution
		HideSolutionNode = FALSE
	EndGlobalSection
	GlobalSection(ExtensibilityGlobals) = postSolution
		SolutionGuid = {4404EFA0-B6D7-4938-A678-3177A4C0282F}
	EndGlobalSection
EndGlobal
